
Microsoft Visual Studio Solution File, Format Version 12.00
# Visual Studio Version 16
VisualStudioVersion = 16.0.30907.101
MinimumVisualStudioVersion = 10.0.40219.1
Project("{FAE04EC0-301F-11D3-BF4B-00C04F79EFBC}") = "ManipulatingVectors", "ManipulatingVectors\ManipulatingVectors.csproj", "{D130DFAD-18EB-4E49-996C-4D271AD5EFF2}"
EndProject
Global
	GlobalSection(SolutionConfigurationPlatforms) = preSolution
		Debug|Any CPU = Debug|Any CPU
		Release|Any CPU = Release|Any CPU
	EndGlobalSection
	GlobalSection(ProjectConfigurationPlatforms) = postSolution
		{D130DFAD-18EB-4E49-996C-4D271AD5EFF2}.Debug|Any CPU.ActiveCfg = Debug|Any CPU
		{D130DFAD-18EB-4E49-996C-4D271AD5EFF2}.Debug|Any CPU.Build.0 = Debug|Any CPU
		{D130DFAD-18EB-4E49-996C-4D271AD5EFF2}.Release|Any CPU.ActiveCfg = Release|Any CPU
		{D130DFAD-18EB-4E49-996C-4D271AD5EFF2}.Release|Any CPU.Build.0 = Release|Any CPU
	EndGlobalSection
	GlobalSection(SolutionProperties) = preSolution
		HideSolutionNode = FALSE
	EndGlobalSection
	GlobalSection(ExtensibilityGlobals) = postSolution
		SolutionGuid = {9904AD0C-BB36-450E-89F0-7C53BC49ABFD}
	EndGlobalSection
EndGlobal
