
Microsoft Visual Studio Solution File, Format Version 12.00
# Visual Studio Version 16
VisualStudioVersion = 16.0.30907.101
MinimumVisualStudioVersion = 10.0.40219.1
Project("{FAE04EC0-301F-11D3-BF4B-00C04F79EFBC}") = "Stopwatch", "Stopwatch\Stopwatch.csproj", "{305BAF8A-26EB-4E90-A8EF-A7ADBE74191B}"
EndProject
Global
	GlobalSection(SolutionConfigurationPlatforms) = preSolution
		Debug|Any CPU = Debug|Any CPU
		Release|Any CPU = Release|Any CPU
	EndGlobalSection
	GlobalSection(ProjectConfigurationPlatforms) = postSolution
		{305BAF8A-26EB-4E90-A8EF-A7ADBE74191B}.Debug|Any CPU.ActiveCfg = Debug|Any CPU
		{305BAF8A-26EB-4E90-A8EF-A7ADBE74191B}.Debug|Any CPU.Build.0 = Debug|Any CPU
		{305BAF8A-26EB-4E90-A8EF-A7ADBE74191B}.Release|Any CPU.ActiveCfg = Release|Any CPU
		{305BAF8A-26EB-4E90-A8EF-A7ADBE74191B}.Release|Any CPU.Build.0 = Release|Any CPU
	EndGlobalSection
	GlobalSection(SolutionProperties) = preSolution
		HideSolutionNode = FALSE
	EndGlobalSection
	GlobalSection(ExtensibilityGlobals) = postSolution
		SolutionGuid = {9BA69C83-E016-4F74-BD3F-4B825F9A46E2}
	EndGlobalSection
EndGlobal
